{"1.1.0",
[{<<"ct_auth">>,
  {git,"https://github.com/CargoTube/ct_auth.git",
       {ref,"8ee790905656c880e9c3c798737ec408b6da098d"}},
  0},
 {<<"ct_msg">>,
  {git,"https://github.com/CargoTube/ct_msg.git",
       {ref,"9a2d2dcd514dc34e28e38288db477279c72a22bf"}},
  0},
 {<<"ct_stats">>,
  {git,"https://github.com/CargoTube/ct_stats.git",
       {ref,"f668b29adadc9536d1f0960f8f3b8008125adbc6"}},
  0},
 {<<"eper">>,{pkg,<<"eper">>,<<"0.99.1">>},0},
 {<<"goldrush">>,{pkg,<<"goldrush">>,<<"0.1.9">>},1},
 {<<"iso8601">>,
  {git,"https://github.com/erlsci/iso8601.git",
       {ref,"fdb0fd12d729c53f4ae6f8c2f893fd6698b8b10e"}},
  0},
 {<<"jobs">>,{pkg,<<"jobs">>,<<"0.7.1">>},0},
 {<<"jsone">>,{pkg,<<"jsone">>,<<"1.4.7">>},1},
 {<<"lager">>,{pkg,<<"lager">>,<<"3.6.4">>},0},
 {<<"msgpack">>,{pkg,<<"msgpack">>,<<"0.7.0">>},1},
 {<<"parse_trans">>,{pkg,<<"parse_trans">>,<<"3.0.0">>},1}]}.
[
{pkg_hash,[
 {<<"eper">>, <<"A50698B6803B8732AD6575285320999FE73E160A1A9FF7EFCAB6B6F818BD2C1F">>},
 {<<"goldrush">>, <<"F06E5D5F1277DA5C413E84D5A2924174182FB108DABB39D5EC548B27424CD106">>},
 {<<"jobs">>, <<"132E4BED856CE774B008B31C1AA809C17FA6C2C20BE03E010ACE273CA057A5DE">>},
 {<<"jsone">>, <<"A970C23D9700AE7842B526C57677E6E3F10894B429524696EAD547E9302391C0">>},
 {<<"lager">>, <<"CED6E98070FB4E58EE93174D006D46479C79844DF7FC17FA4FEFC1049A320D88">>},
 {<<"msgpack">>, <<"128AE0A2227C7E7A2847C0F0F73551C268464F8C1EE96BFFB920BC0A5712B295">>},
 {<<"parse_trans">>, <<"9E96B1C9C3A0DF54E7B76F8F685D38BFA1EB21B31E042B1D1A5A70258E4DB1E3">>}]}
].
