{"1.1.0",
[{<<"ct_auth">>,
  {git,"https://github.com/CargoTube/ct_auth.git",
       {ref,"48320b54342f251936a326ca3b082cec38b2d1cc"}},
  0},
 {<<"ct_msg">>,
  {git,"https://github.com/CargoTube/ct_msg.git",
       {ref,"729f450f6f33daae848cfcbaef77dab7a500422d"}},
  0},
 {<<"eper">>,{pkg,<<"eper">>,<<"0.94.0">>},0},
 {<<"goldrush">>,{pkg,<<"goldrush">>,<<"0.1.9">>},1},
 {<<"jobs">>,{pkg,<<"jobs">>,<<"0.7.1">>},0},
 {<<"jsone">>,{pkg,<<"jsone">>,<<"1.4.1">>},1},
 {<<"lager">>,{pkg,<<"lager">>,<<"3.5.1">>},0},
 {<<"msgpack">>,{pkg,<<"msgpack">>,<<"0.7.0">>},1},
 {<<"parse_trans">>,{pkg,<<"parse_trans">>,<<"3.0.0">>},1}]}.
[
{pkg_hash,[
 {<<"eper">>, <<"F5FB2DAA0DF8878748E1C598428EDA942A173E5121FF35C1D632129B84593A3A">>},
 {<<"goldrush">>, <<"F06E5D5F1277DA5C413E84D5A2924174182FB108DABB39D5EC548B27424CD106">>},
 {<<"jobs">>, <<"132E4BED856CE774B008B31C1AA809C17FA6C2C20BE03E010ACE273CA057A5DE">>},
 {<<"jsone">>, <<"10ECFB2E2FD216D6451AF71CF14F276E063A096E15B685DE7535FD680466C9B5">>},
 {<<"lager">>, <<"63897A61AF646C59BB928FEE9756CE8BDD02D5A1A2F3551D4A5E38386C2CC071">>},
 {<<"msgpack">>, <<"128AE0A2227C7E7A2847C0F0F73551C268464F8C1EE96BFFB920BC0A5712B295">>},
 {<<"parse_trans">>, <<"9E96B1C9C3A0DF54E7B76F8F685D38BFA1EB21B31E042B1D1A5A70258E4DB1E3">>}]}
].
